// !$*UTF8*$!
{
	archiveVersion = 1;
	classes = {
	};
	objectVersion = 77;
	objects = {

/* Begin PBXContainerItemProxy section */
		35BDC7C82E6274D0008227E8 /* PBXContainerItemProxy */ = {
			isa = PBXContainerItemProxy;
			containerPortal = 35BDC7B22E6274CF008227E8 /* Project object */;
			proxyType = 1;
			remoteGlobalIDString = 35BDC7B92E6274CF008227E8;
			remoteInfo = Tareas_Actividades;
		};
		35BDC7D22E6274D0008227E8 /* PBXContainerItemProxy */ = {
			isa = PBXContainerItemProxy;
			containerPortal = 35BDC7B22E6274CF008227E8 /* Project object */;
			proxyType = 1;
			remoteGlobalIDString = 35BDC7B92E6274CF008227E8;
			remoteInfo = Tareas_Actividades;
		};
/* End PBXContainerItemProxy section */

/* Begin PBXFileReference section */
		35BDC7BA2E6274CF008227E8 /* Tareas_Actividades.app */ = {isa = PBXFileReference; explicitFileType = wrapper.application; includeInIndex = 0; path = Tareas_Actividades.app; sourceTree = BUILT_PRODUCTS_DIR; };
		35BDC7C72E6274D0008227E8 /* Tareas_ActividadesTests.xctest */ = {isa = PBXFileReference; explicitFileType = wrapper.cfbundle; includeInIndex = 0; path = Tareas_ActividadesTests.xctest; sourceTree = BUILT_PRODUCTS_DIR; };
		35BDC7D12E6274D0008227E8 /* Tareas_ActividadesUITests.xctest */ = {isa = PBXFileReference; explicitFileType = wrapper.cfbundle; includeInIndex = 0; path = Tareas_ActividadesUITests.xctest; sourceTree = BUILT_PRODUCTS_DIR; };
/* End PBXFileReference section */

/* Begin PBXFileSystemSynchronizedRootGroup section */
		35BDC7BC2E6274CF008227E8 /* Tareas_Actividades */ = {
			isa = PBXFileSystemSynchronizedRootGroup;
			path = Tareas_Actividades;
			sourceTree = "<group>";
		};
		35BDC7CA2E6274D0008227E8 /* Tareas_ActividadesTests */ = {
			isa = PBXFileSystemSynchronizedRootGroup;
			path = Tareas_ActividadesTests;
			sourceTree = "<group>";
		};
		35BDC7D42E6274D0008227E8 /* Tareas_ActividadesUITests */ = {
			isa = PBXFileSystemSynchronizedRootGroup;
			path = Tareas_ActividadesUITests;
			sourceTree = "<group>";
		};
/* End PBXFileSystemSynchronizedRootGroup section */

/* Begin PBXFrameworksBuildPhase section */
		35BDC7B72E6274CF008227E8 /* Frameworks */ = {
			isa = PBXFrameworksBuildPhase;
			buildActionMask = 2147483647;
			files = (
			);
			runOnlyForDeploymentPostprocessing = 0;
		};
		35BDC7C42E6274D0008227E8 /* Frameworks */ = {
			isa = PBXFrameworksBuildPhase;
			buildActionMask = 2147483647;
			files = (
			);
			runOnlyForDeploymentPostprocessing = 0;
		};
		35BDC7CE2E6274D0008227E8 /* Frameworks */ = {
			isa = PBXFrameworksBuildPhase;
			buildActionMask = 2147483647;
			files = (
			);
			runOnlyForDeploymentPostprocessing = 0;
		};
/* End PBXFrameworksBuildPhase section */

/* Begin PBXGroup section */
		35BDC7B12E6274CF008227E8 = {
			isa = PBXGroup;
			children = (
				35BDC7BC2E6274CF008227E8 /* Tareas_Actividades */,
				35BDC7CA2E6274D0008227E8 /* Tareas_ActividadesTests */,
				35BDC7D42E6274D0008227E8 /* Tareas_ActividadesUITests */,
				35BDC7BB2E6274CF008227E8 /* Products */,
			);
			sourceTree = "<group>";
		};
		35BDC7BB2E6274CF008227E8 /* Products */ = {
			isa = PBXGroup;
			children = (
				35BDC7BA2E6274CF008227E8 /* Tareas_Actividades.app */,
				35BDC7C72E6274D0008227E8 /* Tareas_ActividadesTests.xctest */,
				35BDC7D12E6274D0008227E8 /* Tareas_ActividadesUITests.xctest */,
			);
			name = Products;
			sourceTree = "<group>";
		};
/* End PBXGroup section */

/* Begin PBXNativeTarget section */
		35BDC7B92E6274CF008227E8 /* Tareas_Actividades */ = {
			isa = PBXNativeTarget;
			buildConfigurationList = 35BDC7DB2E6274D0008227E8 /* Build configuration list for PBXNativeTarget "Tareas_Actividades" */;
			buildPhases = (
				35BDC7B62E6274CF008227E8 /* Sources */,
				35BDC7B72E6274CF008227E8 /* Frameworks */,
				35BDC7B82E6274CF008227E8 /* Resources */,
			);
			buildRules = (
			);
			dependencies = (
			);
			fileSystemSynchronizedGroups = (
				35BDC7BC2E6274CF008227E8 /* Tareas_Actividades */,
			);
			name = Tareas_Actividades;
			packageProductDependencies = (
			);
			productName = Tareas_Actividades;
			productReference = 35BDC7BA2E6274CF008227E8 /* Tareas_Actividades.app */;
			productType = "com.apple.product-type.application";
		};
		35BDC7C62E6274D0008227E8 /* Tareas_ActividadesTests */ = {
			isa = PBXNativeTarget;
			buildConfigurationList = 35BDC7DE2E6274D0008227E8 /* Build configuration list for PBXNativeTarget "Tareas_ActividadesTests" */;
			buildPhases = (
				35BDC7C32E6274D0008227E8 /* Sources */,
				35BDC7C42E6274D0008227E8 /* Frameworks */,
				35BDC7C52E6274D0008227E8 /* Resources */,
			);
			buildRules = (
			);
			dependencies = (
				35BDC7C92E6274D0008227E8 /* PBXTargetDependency */,
			);
			fileSystemSynchronizedGroups = (
				35BDC7CA2E6274D0008227E8 /* Tareas_ActividadesTests */,
			);
			name = Tareas_ActividadesTests;
			packageProductDependencies = (
			);
			productName = Tareas_ActividadesTests;
			productReference = 35BDC7C72E6274D0008227E8 /* Tareas_ActividadesTests.xctest */;
			productType = "com.apple.product-type.bundle.unit-test";
		};
		35BDC7D02E6274D0008227E8 /* Tareas_ActividadesUITests */ = {
			isa = PBXNativeTarget;
			buildConfigurationList = 35BDC7E12E6274D0008227E8 /* Build configuration list for PBXNativeTarget "Tareas_ActividadesUITests" */;
			buildPhases = (
				35BDC7CD2E6274D0008227E8 /* Sources */,
				35BDC7CE2E6274D0008227E8 /* Frameworks */,
				35BDC7CF2E6274D0008227E8 /* Resources */,
			);
			buildRules = (
			);
			dependencies = (
				35BDC7D32E6274D0008227E8 /* PBXTargetDependency */,
			);
			fileSystemSynchronizedGroups = (
				35BDC7D42E6274D0008227E8 /* Tareas_ActividadesUITests */,
			);
			name = Tareas_ActividadesUITests;
			packageProductDependencies = (
			);
			productName = Tareas_ActividadesUITests;
			productReference = 35BDC7D12E6274D0008227E8 /* Tareas_ActividadesUITests.xctest */;
			productType = "com.apple.product-type.bundle.ui-testing";
		};
/* End PBXNativeTarget section */

/* Begin PBXProject section */
		35BDC7B22E6274CF008227E8 /* Project object */ = {
			isa = PBXProject;
			attributes = {
				BuildIndependentTargetsInParallel = 1;
				LastSwiftUpdateCheck = 1640;
				LastUpgradeCheck = 1640;
				TargetAttributes = {
					35BDC7B92E6274CF008227E8 = {
						CreatedOnToolsVersion = 16.4;
					};
					35BDC7C62E6274D0008227E8 = {
						CreatedOnToolsVersion = 16.4;
						TestTargetID = 35BDC7B92E6274CF008227E8;
					};
					35BDC7D02E6274D0008227E8 = {
						CreatedOnToolsVersion = 16.4;
						TestTargetID = 35BDC7B92E6274CF008227E8;
					};
				};
			};
			buildConfigurationList = 35BDC7B52E6274CF008227E8 /* Build configuration list for PBXProject "Tareas_Actividades" */;
			developmentRegion = en;
			hasScannedForEncodings = 0;
			knownRegions = (
				en,
				Base,
				"es-419",
			);
			mainGroup = 35BDC7B12E6274CF008227E8;
			minimizedProjectReferenceProxies = 1;
			preferredProjectObjectVersion = 77;
			productRefGroup = 35BDC7BB2E6274CF008227E8 /* Products */;
			projectDirPath = "";
			projectRoot = "";
			targets = (
				35BDC7B92E6274CF008227E8 /* Tareas_Actividades */,
				35BDC7C62E6274D0008227E8 /* Tareas_ActividadesTests */,
				35BDC7D02E6274D0008227E8 /* Tareas_ActividadesUITests */,
			);
		};
/* End PBXProject section */

/* Begin PBXResourcesBuildPhase section */
		35BDC7B82E6274CF008227E8 /* Resources */ = {
			isa = PBXResourcesBuildPhase;
			buildActionMask = 2147483647;
			files = (
			);
			runOnlyForDeploymentPostprocessing = 0;
		};
		35BDC7C52E6274D0008227E8 /* Resources */ = {
			isa = PBXResourcesBuildPhase;
			buildActionMask = 2147483647;
			files = (
			);
			runOnlyForDeploymentPostprocessing = 0;
		};
		35BDC7CF2E6274D0008227E8 /* Resources */ = {
			isa = PBXResourcesBuildPhase;
			buildActionMask = 2147483647;
			files = (
			);
			runOnlyForDeploymentPostprocessing = 0;
		};
/* End PBXResourcesBuildPhase section */

/* Begin PBXSourcesBuildPhase section */
		35BDC7B62E6274CF008227E8 /* Sources */ = {
			isa = PBXSourcesBuildPhase;
			buildActionMask = 2147483647;
			files = (
			);
			runOnlyForDeploymentPostprocessing = 0;
		};
		35BDC7C32E6274D0008227E8 /* Sources */ = {
			isa = PBXSourcesBuildPhase;
			buildActionMask = 2147483647;
			files = (
			);
			runOnlyForDeploymentPostprocessing = 0;
		};
		35BDC7CD2E6274D0008227E8 /* Sources */ = {
			isa = PBXSourcesBuildPhase;
			buildActionMask = 2147483647;
			files = (
			);
			runOnlyForDeploymentPostprocessing = 0;
		};
/* End PBXSourcesBuildPhase section */

/* Begin PBXTargetDependency section */
		35BDC7C92E6274D0008227E8 /* PBXTargetDependency */ = {
			isa = PBXTargetDependency;
			target = 35BDC7B92E6274CF008227E8 /* Tareas_Actividades */;
			targetProxy = 35BDC7C82E6274D0008227E8 /* PBXContainerItemProxy */;
		};
		35BDC7D32E6274D0008227E8 /* PBXTargetDependency */ = {
			isa = PBXTargetDependency;
			target = 35BDC7B92E6274CF008227E8 /* Tareas_Actividades */;
			targetProxy = 35BDC7D22E6274D0008227E8 /* PBXContainerItemProxy */;
		};
/* End PBXTargetDependency section */

/* Begin XCBuildConfiguration section */
		35BDC7D92E6274D0008227E8 /* Debug */ = {
			isa = XCBuildConfiguration;
			buildSettings = {
				ALWAYS_SEARCH_USER_PATHS = NO;
				ASSETCATALOG_COMPILER_GENERATE_SWIFT_ASSET_SYMBOL_EXTENSIONS = YES;
				CLANG_ANALYZER_LOCALIZABILITY_NONLOCALIZED = YES;
				CLANG_ANALYZER_NONNULL = YES;
				CLANG_ANALYZER_NUMBER_OBJECT_CONVERSION = YES_AGGRESSIVE;
				CLANG_CXX_LANGUAGE_STANDARD = "gnu++20";
				CLANG_ENABLE_MODULES = YES;
				CLANG_ENABLE_OBJC_ARC = YES;
				CLANG_ENABLE_OBJC_WEAK = YES;
				CLANG_WARN_BLOCK_CAPTURE_AUTORELEASING = YES;
				CLANG_WARN_BOOL_CONVERSION = YES;
				CLANG_WARN_COMMA = YES;
				CLANG_WARN_CONSTANT_CONVERSION = YES;
				CLANG_WARN_DEPRECATED_OBJC_IMPLEMENTATIONS = YES;
				CLANG_WARN_DIRECT_OBJC_ISA_USAGE = YES_ERROR;
				CLANG_WARN_DOCUMENTATION_COMMENTS = YES;
				CLANG_WARN_EMPTY_BODY = YES;
				CLANG_WARN_ENUM_CONVERSION = YES;
				CLANG_WARN_INFINITE_RECURSION = YES;
				CLANG_WARN_INT_CONVERSION = YES;
				CLANG_WARN_NON_LITERAL_NULL_CONVERSION = YES;
				CLANG_WARN_OBJC_IMPLICIT_RETAIN_SELF = YES;
				CLANG_WARN_OBJC_LITERAL_CONVERSION = YES;
				CLANG_WARN_OBJC_ROOT_CLASS = YES_ERROR;
				CLANG_WARN_QUOTED_INCLUDE_IN_FRAMEWORK_HEADER = YES;
				CLANG_WARN_RANGE_LOOP_ANALYSIS = YES;
				CLANG_WARN_STRICT_PROTOTYPES = YES;
				CLANG_WARN_SUSPICIOUS_MOVE = YES;
				CLANG_WARN_UNGUARDED_AVAILABILITY = YES_AGGRESSIVE;
				CLANG_WARN_UNREACHABLE_CODE = YES;
				CLANG_WARN__DUPLICATE_METHOD_MATCH = YES;
				COPY_PHASE_STRIP = NO;
				DEBUG_INFORMATION_FORMAT = dwarf;
				ENABLE_STRICT_OBJC_MSGSEND = YES;
				ENABLE_TESTABILITY = YES;
				ENABLE_USER_SCRIPT_SANDBOXING = YES;
				GCC_C_LANGUAGE_STANDARD = gnu17;
				GCC_DYNAMIC_NO_PIC = NO;
				GCC_NO_COMMON_BLOCKS = YES;
				GCC_OPTIMIZATION_LEVEL = 0;
				GCC_PREPROCESSOR_DEFINITIONS = (
					"DEBUG=1",
					"$(inherited)",
				);
				GCC_WARN_64_TO_32_BIT_CONVERSION = YES;
				GCC_WARN_ABOUT_RETURN_TYPE = YES_ERROR;
				GCC_WARN_UNDECLARED_SELECTOR = YES;
				GCC_WARN_UNINITIALIZED_AUTOS = YES_AGGRESSIVE;
				GCC_WARN_UNUSED_FUNCTION = YES;
				GCC_WARN_UNUSED_VARIABLE = YES;
				IPHONEOS_DEPLOYMENT_TARGET = 18.5;
				LOCALIZATION_PREFERS_STRING_CATALOGS = YES;
				MTL_ENABLE_DEBUG_INFO = INCLUDE_SOURCE;
				MTL_FAST_MATH = YES;
				ONLY_ACTIVE_ARCH = YES;
				SDKROOT = iphoneos;
				SWIFT_ACTIVE_COMPILATION_CONDITIONS = "DEBUG $(inherited)";
				SWIFT_OPTIMIZATION_LEVEL = "-Onone";
			};
			name = Debug;
		};
		35BDC7DA2E6274D0008227E8 /* Release */ = {
			isa = XCBuildConfiguration;
			buildSettings = {
				ALWAYS_SEARCH_USER_PATHS = NO;
				ASSETCATALOG_COMPILER_GENERATE_SWIFT_ASSET_SYMBOL_EXTENSIONS = YES;
				CLANG_ANALYZER_LOCALIZABILITY_NONLOCALIZED = YES;
				CLANG_ANALYZER_NONNULL = YES;
				CLANG_ANALYZER_NUMBER_OBJECT_CONVERSION = YES_AGGRESSIVE;
				CLANG_CXX_LANGUAGE_STANDARD = "gnu++20";
				CLANG_ENABLE_MODULES = YES;
				CLANG_ENABLE_OBJC_ARC = YES;
				CLANG_ENABLE_OBJC_WEAK = YES;
				CLANG_WARN_BLOCK_CAPTURE_AUTORELEASING = YES;
				CLANG_WARN_BOOL_CONVERSION = YES;
				CLANG_WARN_COMMA = YES;
				CLANG_WARN_CONSTANT_CONVERSION = YES;
				CLANG_WARN_DEPRECATED_OBJC_IMPLEMENTATIONS = YES;
				CLANG_WARN_DIRECT_OBJC_ISA_USAGE = YES_ERROR;
				CLANG_WARN_DOCUMENTATION_COMMENTS = YES;
				CLANG_WARN_EMPTY_BODY = YES;
				CLANG_WARN_ENUM_CONVERSION = YES;
				CLANG_WARN_INFINITE_RECURSION = YES;
				CLANG_WARN_INT_CONVERSION = YES;
				CLANG_WARN_NON_LITERAL_NULL_CONVERSION = YES;
				CLANG_WARN_OBJC_IMPLICIT_RETAIN_SELF = YES;
				CLANG_WARN_OBJC_LITERAL_CONVERSION = YES;
				CLANG_WARN_OBJC_ROOT_CLASS = YES_ERROR;
				CLANG_WARN_QUOTED_INCLUDE_IN_FRAMEWORK_HEADER = YES;
				CLANG_WARN_RANGE_LOOP_ANALYSIS = YES;
				CLANG_WARN_STRICT_PROTOTYPES = YES;
				CLANG_WARN_SUSPICIOUS_MOVE = YES;
				CLANG_WARN_UNGUARDED_AVAILABILITY = YES_AGGRESSIVE;
				CLANG_WARN_UNREACHABLE_CODE = YES;
				CLANG_WARN__DUPLICATE_METHOD_MATCH = YES;
				COPY_PHASE_STRIP = NO;
				DEBUG_INFORMATION_FORMAT = "dwarf-with-dsym";
				ENABLE_NS_ASSERTIONS = NO;
				ENABLE_STRICT_OBJC_MSGSEND = YES;
				ENABLE_USER_SCRIPT_SANDBOXING = YES;
				GCC_C_LANGUAGE_STANDARD = gnu17;
				GCC_NO_COMMON_BLOCKS = YES;
				GCC_WARN_64_TO_32_BIT_CONVERSION = YES;
				GCC_WARN_ABOUT_RETURN_TYPE = YES_ERROR;
				GCC_WARN_UNDECLARED_SELECTOR = YES;
				GCC_WARN_UNINITIALIZED_AUTOS = YES_AGGRESSIVE;
				GCC_WARN_UNUSED_FUNCTION = YES;
				GCC_WARN_UNUSED_VARIABLE = YES;
				IPHONEOS_DEPLOYMENT_TARGET = 18.5;
				LOCALIZATION_PREFERS_STRING_CATALOGS = YES;
				MTL_ENABLE_DEBUG_INFO = NO;
				MTL_FAST_MATH = YES;
				SDKROOT = iphoneos;
				SWIFT_COMPILATION_MODE = wholemodule;
				VALIDATE_PRODUCT = YES;
			};
			name = Release;
		};
		35BDC7DC2E6274D0008227E8 /* Debug */ = {
			isa = XCBuildConfiguration;
			buildSettings = {
				ASSETCATALOG_COMPILER_APPICON_NAME = AppIcon;
				ASSETCATALOG_COMPILER_GLOBAL_ACCENT_COLOR_NAME = AccentColor;
				CODE_SIGN_STYLE = Automatic;
				CURRENT_PROJECT_VERSION = 1;
				ENABLE_PREVIEWS = YES;
				GENERATE_INFOPLIST_FILE = YES;
				INFOPLIST_KEY_UIApplicationSceneManifest_Generation = YES;
				INFOPLIST_KEY_UIApplicationSupportsIndirectInputEvents = YES;
				INFOPLIST_KEY_UILaunchScreen_Generation = YES;
				INFOPLIST_KEY_UISupportedInterfaceOrientations_iPad = "UIInterfaceOrientationPortrait UIInterfaceOrientationPortraitUpsideDown UIInterfaceOrientationLandscapeLeft UIInterfaceOrientationLandscapeRight";
				INFOPLIST_KEY_UISupportedInterfaceOrientations_iPhone = "UIInterfaceOrientationPortrait UIInterfaceOrientationLandscapeLeft UIInterfaceOrientationLandscapeRight";
				LD_RUNPATH_SEARCH_PATHS = (
					"$(inherited)",
					"@executable_path/Frameworks",
				);
				MARKETING_VERSION = 1.0;
				PRODUCT_BUNDLE_IDENTIFIER = "sie.iest.Tareas-Actividades";
				PRODUCT_NAME = "$(TARGET_NAME)";
				SWIFT_EMIT_LOC_STRINGS = YES;
				SWIFT_VERSION = 5.0;
				TARGETED_DEVICE_FAMILY = "1,2";
			};
			name = Debug;
		};
		35BDC7DD2E6274D0008227E8 /* Release */ = {
			isa = XCBuildConfiguration;
			buildSettings = {
				ASSETCATALOG_COMPILER_APPICON_NAME = AppIcon;
				ASSETCATALOG_COMPILER_GLOBAL_ACCENT_COLOR_NAME = AccentColor;
				CODE_SIGN_STYLE = Automatic;
				CURRENT_PROJECT_VERSION = 1;
				ENABLE_PREVIEWS = YES;
				GENERATE_INFOPLIST_FILE = YES;
				INFOPLIST_KEY_UIApplicationSceneManifest_Generation = YES;
				INFOPLIST_KEY_UIApplicationSupportsIndirectInputEvents = YES;
				INFOPLIST_KEY_UILaunchScreen_Generation = YES;
				INFOPLIST_KEY_UISupportedInterfaceOrientations_iPad = "UIInterfaceOrientationPortrait UIInterfaceOrientationPortraitUpsideDown UIInterfaceOrientationLandscapeLeft UIInterfaceOrientationLandscapeRight";
				INFOPLIST_KEY_UISupportedInterfaceOrientations_iPhone = "UIInterfaceOrientationPortrait UIInterfaceOrientationLandscapeLeft UIInterfaceOrientationLandscapeRight";
				LD_RUNPATH_SEARCH_PATHS = (
					"$(inherited)",
					"@executable_path/Frameworks",
				);
				MARKETING_VERSION = 1.0;
				PRODUCT_BUNDLE_IDENTIFIER = "sie.iest.Tareas-Actividades";
				PRODUCT_NAME = "$(TARGET_NAME)";
				SWIFT_EMIT_LOC_STRINGS = YES;
				SWIFT_VERSION = 5.0;
				TARGETED_DEVICE_FAMILY = "1,2";
			};
			name = Release;
		};
		35BDC7DF2E6274D0008227E8 /* Debug */ = {
			isa = XCBuildConfiguration;
			buildSettings = {
				BUNDLE_LOADER = "$(TEST_HOST)";
				CODE_SIGN_STYLE = Automatic;
				CURRENT_PROJECT_VERSION = 1;
				GENERATE_INFOPLIST_FILE = YES;
				IPHONEOS_DEPLOYMENT_TARGET = 18.5;
				MARKETING_VERSION = 1.0;
				PRODUCT_BUNDLE_IDENTIFIER = "sie.iest.Tareas-ActividadesTests";
				PRODUCT_NAME = "$(TARGET_NAME)";
				SWIFT_EMIT_LOC_STRINGS = NO;
				SWIFT_VERSION = 5.0;
				TARGETED_DEVICE_FAMILY = "1,2";
				TEST_HOST = "$(BUILT_PRODUCTS_DIR)/Tareas_Actividades.app/$(BUNDLE_EXECUTABLE_FOLDER_PATH)/Tareas_Actividades";
			};
			name = Debug;
		};
		35BDC7E02E6274D0008227E8 /* Release */ = {
			isa = XCBuildConfiguration;
			buildSettings = {
				BUNDLE_LOADER = "$(TEST_HOST)";
				CODE_SIGN_STYLE = Automatic;
				CURRENT_PROJECT_VERSION = 1;
				GENERATE_INFOPLIST_FILE = YES;
				IPHONEOS_DEPLOYMENT_TARGET = 18.5;
				MARKETING_VERSION = 1.0;
				PRODUCT_BUNDLE_IDENTIFIER = "sie.iest.Tareas-ActividadesTests";
				PRODUCT_NAME = "$(TARGET_NAME)";
				SWIFT_EMIT_LOC_STRINGS = NO;
				SWIFT_VERSION = 5.0;
				TARGETED_DEVICE_FAMILY = "1,2";
				TEST_HOST = "$(BUILT_PRODUCTS_DIR)/Tareas_Actividades.app/$(BUNDLE_EXECUTABLE_FOLDER_PATH)/Tareas_Actividades";
			};
			name = Release;
		};
		35BDC7E22E6274D0008227E8 /* Debug */ = {
			isa = XCBuildConfiguration;
			buildSettings = {
				CODE_SIGN_STYLE = Automatic;
				CURRENT_PROJECT_VERSION = 1;
				GENERATE_INFOPLIST_FILE = YES;
				MARKETING_VERSION = 1.0;
				PRODUCT_BUNDLE_IDENTIFIER = "sie.iest.Tareas-ActividadesUITests";
				PRODUCT_NAME = "$(TARGET_NAME)";
				SWIFT_EMIT_LOC_STRINGS = NO;
				SWIFT_VERSION = 5.0;
				TARGETED_DEVICE_FAMILY = "1,2";
				TEST_TARGET_NAME = Tareas_Actividades;
			};
			name = Debug;
		};
		35BDC7E32E6274D0008227E8 /* Release */ = {
			isa = XCBuildConfiguration;
			buildSettings = {
				CODE_SIGN_STYLE = Automatic;
				CURRENT_PROJECT_VERSION = 1;
				GENERATE_INFOPLIST_FILE = YES;
				MARKETING_VERSION = 1.0;
				PRODUCT_BUNDLE_IDENTIFIER = "sie.iest.Tareas-ActividadesUITests";
				PRODUCT_NAME = "$(TARGET_NAME)";
				SWIFT_EMIT_LOC_STRINGS = NO;
				SWIFT_VERSION = 5.0;
				TARGETED_DEVICE_FAMILY = "1,2";
				TEST_TARGET_NAME = Tareas_Actividades;
			};
			name = Release;
		};
/* End XCBuildConfiguration section */

/* Begin XCConfigurationList section */
		35BDC7B52E6274CF008227E8 /* Build configuration list for PBXProject "Tareas_Actividades" */ = {
			isa = XCConfigurationList;
			buildConfigurations = (
				35BDC7D92E6274D0008227E8 /* Debug */,
				35BDC7DA2E6274D0008227E8 /* Release */,
			);
			defaultConfigurationIsVisible = 0;
			defaultConfigurationName = Release;
		};
		35BDC7DB2E6274D0008227E8 /* Build configuration list for PBXNativeTarget "Tareas_Actividades" */ = {
			isa = XCConfigurationList;
			buildConfigurations = (
				35BDC7DC2E6274D0008227E8 /* Debug */,
				35BDC7DD2E6274D0008227E8 /* Release */,
			);
			defaultConfigurationIsVisible = 0;
			defaultConfigurationName = Release;
		};
		35BDC7DE2E6274D0008227E8 /* Build configuration list for PBXNativeTarget "Tareas_ActividadesTests" */ = {
			isa = XCConfigurationList;
			buildConfigurations = (
				35BDC7DF2E6274D0008227E8 /* Debug */,
				35BDC7E02E6274D0008227E8 /* Release */,
			);
			defaultConfigurationIsVisible = 0;
			defaultConfigurationName = Release;
		};
		35BDC7E12E6274D0008227E8 /* Build configuration list for PBXNativeTarget "Tareas_ActividadesUITests" */ = {
			isa = XCConfigurationList;
			buildConfigurations = (
				35BDC7E22E6274D0008227E8 /* Debug */,
				35BDC7E32E6274D0008227E8 /* Release */,
			);
			defaultConfigurationIsVisible = 0;
			defaultConfigurationName = Release;
		};
/* End XCConfigurationList section */
	};
	rootObject = 35BDC7B22E6274CF008227E8 /* Project object */;
}
